
Microsoft Visual Studio Solution File, Format Version 12.00
# Visual Studio 15
VisualStudioVersion = 15.0.28307.438
MinimumVisualStudioVersion = 10.0.40219.1
Project("{FAE04EC0-301F-11D3-BF4B-00C04F79EFBC}") = "GCD", "GCD\GCD.csproj", "{B5422948-C197-42C1-8343-7A4C04FE63AA}"
EndProject
Project("{FAE04EC0-301F-11D3-BF4B-00C04F79EFBC}") = "GCDTest", "GCDTest\GCDTest.csproj", "{76987A66-7DCB-4926-A603-D565FF39D691}"
EndProject
Global
	GlobalSection(SolutionConfigurationPlatforms) = preSolution
		Debug|Any CPU = Debug|Any CPU
		Release|Any CPU = Release|Any CPU
	EndGlobalSection
	GlobalSection(ProjectConfigurationPlatforms) = postSolution
		{B5422948-C197-42C1-8343-7A4C04FE63AA}.Debug|Any CPU.ActiveCfg = Debug|Any CPU
		{B5422948-C197-42C1-8343-7A4C04FE63AA}.Debug|Any CPU.Build.0 = Debug|Any CPU
		{B5422948-C197-42C1-8343-7A4C04FE63AA}.Release|Any CPU.ActiveCfg = Release|Any CPU
		{B5422948-C197-42C1-8343-7A4C04FE63AA}.Release|Any CPU.Build.0 = Release|Any CPU
		{76987A66-7DCB-4926-A603-D565FF39D691}.Debug|Any CPU.ActiveCfg = Debug|Any CPU
		{76987A66-7DCB-4926-A603-D565FF39D691}.Debug|Any CPU.Build.0 = Debug|Any CPU
		{76987A66-7DCB-4926-A603-D565FF39D691}.Release|Any CPU.ActiveCfg = Release|Any CPU
		{76987A66-7DCB-4926-A603-D565FF39D691}.Release|Any CPU.Build.0 = Release|Any CPU
	EndGlobalSection
	GlobalSection(SolutionProperties) = preSolution
		HideSolutionNode = FALSE
	EndGlobalSection
	GlobalSection(ExtensibilityGlobals) = postSolution
		SolutionGuid = {B28FC819-3C07-4370-9232-B93D77CDE8C6}
	EndGlobalSection
EndGlobal
